
Microsoft Visual Studio Solution File, Format Version 12.00
# Visual Studio 14
VisualStudioVersion = 14.0.25420.1
MinimumVisualStudioVersion = 10.0.40219.1
Project("{FAE04EC0-301F-11D3-BF4B-00C04F79EFBC}") = "AbiokaApi.Infrastructure.Common", "AbiokaApi.Infrastructure.Common\AbiokaApi.Infrastructure.Common.csproj", "{1B91BA21-B8E2-4A84-9221-9E9365EFD4DD}"
EndProject
Project("{FAE04EC0-301F-11D3-BF4B-00C04F79EFBC}") = "AbiokaApi.Infrastructure.Framework", "AbiokaApi.Infrastructure.Framework\AbiokaApi.Infrastructure.Framework.csproj", "{2C2128EF-7A08-4046-8B45-FBBA66EA0245}"
EndProject
Project("{FAE04EC0-301F-11D3-BF4B-00C04F79EFBC}") = "AbiokaApi.Domain", "AbiokaApi.Domain\AbiokaApi.Domain.csproj", "{D4D41960-64F6-4BC8-B7F6-20E68A98D362}"
EndProject
Project("{FAE04EC0-301F-11D3-BF4B-00C04F79EFBC}") = "AbiokaApi.ApplicationService", "AbiokaApi.ApplicationService\AbiokaApi.ApplicationService.csproj", "{B7F4AFC8-F56C-42D0-A9B3-D8047F8413A7}"
EndProject
Project("{FAE04EC0-301F-11D3-BF4B-00C04F79EFBC}") = "AbiokaApi.Repository", "AbiokaApi.Repository\AbiokaApi.Repository.csproj", "{A1BA5300-27CE-4D13-9FC7-EE48108228A2}"
EndProject
Project("{FAE04EC0-301F-11D3-BF4B-00C04F79EFBC}") = "AbiokaApi.UnitTest", "AbiokaApi.UnitTest\AbiokaApi.UnitTest.csproj", "{02A2DDE0-1E78-4B86-AA04-4E9A26BB4B07}"
EndProject
Project("{FAE04EC0-301F-11D3-BF4B-00C04F79EFBC}") = "AbiokaApi.Host", "AbiokaApi.Host\AbiokaApi.Host.csproj", "{8C8C8D37-7073-410B-8B28-0F2810D581FA}"
EndProject
Project("{2150E333-8FDC-42A3-9474-1A3956D46DE8}") = "nuget", "nuget", "{4AE244E5-A5C7-4311-9027-0B2C4544DF6B}"
	ProjectSection(SolutionItems) = preProject
		nuget\All.nuspec = nuget\All.nuspec
		nuget\ApplicationService.nuspec = nuget\ApplicationService.nuspec
		nuget\build.bat = nuget\build.bat
		nuget\Domain.nuspec = nuget\Domain.nuspec
		nuget\Host.nuspec = nuget\Host.nuspec
		nuget\Infrastructure.Common.nuspec = nuget\Infrastructure.Common.nuspec
		nuget\Infrastructure.Framework.nuspec = nuget\Infrastructure.Framework.nuspec
		nuget\Repository.nuspec = nuget\Repository.nuspec
	EndProjectSection
EndProject
Project("{2150E333-8FDC-42A3-9474-1A3956D46DE8}") = "Templates", "Templates", "{7BA44700-3485-44DA-9817-91B775A01036}"
EndProject
Project("{2150E333-8FDC-42A3-9474-1A3956D46DE8}") = "Host", "Host", "{125EF53C-4049-45A5-8320-D69B8D1E7775}"
	ProjectSection(SolutionItems) = preProject
		nuget\Templates\Host\Bootstrapper.cs.pp = nuget\Templates\Host\Bootstrapper.cs.pp
		nuget\Templates\Host\Global.asax.cs.pp = nuget\Templates\Host\Global.asax.cs.pp
		nuget\Templates\Host\Global.asax.pp = nuget\Templates\Host\Global.asax.pp
		nuget\Templates\Host\web.config.install.xdt = nuget\Templates\Host\web.config.install.xdt
	EndProjectSection
EndProject
Project("{2150E333-8FDC-42A3-9474-1A3956D46DE8}") = "Controllers", "Controllers", "{0F93B9CA-6B02-42D5-BDC1-73F466465E3F}"
	ProjectSection(SolutionItems) = preProject
		nuget\Templates\Host\Controllers\AuthController.cs.pp = nuget\Templates\Host\Controllers\AuthController.cs.pp
		nuget\Templates\Host\Controllers\BaseApiController.cs.pp = nuget\Templates\Host\Controllers\BaseApiController.cs.pp
		nuget\Templates\Host\Controllers\BaseCrudController.cs.pp = nuget\Templates\Host\Controllers\BaseCrudController.cs.pp
		nuget\Templates\Host\Controllers\BaseReadController.cs.pp = nuget\Templates\Host\Controllers\BaseReadController.cs.pp
		nuget\Templates\Host\Controllers\HomeController.cs.pp = nuget\Templates\Host\Controllers\HomeController.cs.pp
		nuget\Templates\Host\Controllers\InstallationController.cs.pp = nuget\Templates\Host\Controllers\InstallationController.cs.pp
		nuget\Templates\Host\Controllers\LoginAttemptController.cs.pp = nuget\Templates\Host\Controllers\LoginAttemptController.cs.pp
		nuget\Templates\Host\Controllers\MenuController.cs.pp = nuget\Templates\Host\Controllers\MenuController.cs.pp
		nuget\Templates\Host\Controllers\RoleController.cs.pp = nuget\Templates\Host\Controllers\RoleController.cs.pp
		nuget\Templates\Host\Controllers\UserController.cs.pp = nuget\Templates\Host\Controllers\UserController.cs.pp
	EndProjectSection
EndProject
Project("{2150E333-8FDC-42A3-9474-1A3956D46DE8}") = "App_Start", "App_Start", "{E43808A5-52E5-4C41-87D3-829A1D0E8A6A}"
	ProjectSection(SolutionItems) = preProject
		nuget\Templates\Host\App_Start\RouteConfig.cs.pp = nuget\Templates\Host\App_Start\RouteConfig.cs.pp
	EndProjectSection
EndProject
Project("{2150E333-8FDC-42A3-9474-1A3956D46DE8}") = "Infrastructure.Framework", "Infrastructure.Framework", "{BDA03B80-838C-4F00-A106-65F28FF5DF9A}"
	ProjectSection(SolutionItems) = preProject
		nuget\Templates\Infrastructure.Framework\SessionFactory.cs.pp = nuget\Templates\Infrastructure.Framework\SessionFactory.cs.pp
	EndProjectSection
EndProject
Project("{2150E333-8FDC-42A3-9474-1A3956D46DE8}") = "App_Data", "App_Data", "{175054FA-8346-40EF-980C-73BCEA5D3D56}"
	ProjectSection(SolutionItems) = preProject
		nuget\Templates\Host\App_Data\VerifyEmail.en.html = nuget\Templates\Host\App_Data\VerifyEmail.en.html
		nuget\Templates\Host\App_Data\VerifyEmail.tr.html = nuget\Templates\Host\App_Data\VerifyEmail.tr.html
	EndProjectSection
EndProject
Global
	GlobalSection(SolutionConfigurationPlatforms) = preSolution
		Debug|Any CPU = Debug|Any CPU
		Release|Any CPU = Release|Any CPU
	EndGlobalSection
	GlobalSection(ProjectConfigurationPlatforms) = postSolution
		{1B91BA21-B8E2-4A84-9221-9E9365EFD4DD}.Debug|Any CPU.ActiveCfg = Debug|Any CPU
		{1B91BA21-B8E2-4A84-9221-9E9365EFD4DD}.Debug|Any CPU.Build.0 = Debug|Any CPU
		{1B91BA21-B8E2-4A84-9221-9E9365EFD4DD}.Release|Any CPU.ActiveCfg = Release|Any CPU
		{1B91BA21-B8E2-4A84-9221-9E9365EFD4DD}.Release|Any CPU.Build.0 = Release|Any CPU
		{2C2128EF-7A08-4046-8B45-FBBA66EA0245}.Debug|Any CPU.ActiveCfg = Debug|Any CPU
		{2C2128EF-7A08-4046-8B45-FBBA66EA0245}.Debug|Any CPU.Build.0 = Debug|Any CPU
		{2C2128EF-7A08-4046-8B45-FBBA66EA0245}.Release|Any CPU.ActiveCfg = Release|Any CPU
		{2C2128EF-7A08-4046-8B45-FBBA66EA0245}.Release|Any CPU.Build.0 = Release|Any CPU
		{D4D41960-64F6-4BC8-B7F6-20E68A98D362}.Debug|Any CPU.ActiveCfg = Debug|Any CPU
		{D4D41960-64F6-4BC8-B7F6-20E68A98D362}.Debug|Any CPU.Build.0 = Debug|Any CPU
		{D4D41960-64F6-4BC8-B7F6-20E68A98D362}.Release|Any CPU.ActiveCfg = Release|Any CPU
		{D4D41960-64F6-4BC8-B7F6-20E68A98D362}.Release|Any CPU.Build.0 = Release|Any CPU
		{B7F4AFC8-F56C-42D0-A9B3-D8047F8413A7}.Debug|Any CPU.ActiveCfg = Debug|Any CPU
		{B7F4AFC8-F56C-42D0-A9B3-D8047F8413A7}.Debug|Any CPU.Build.0 = Debug|Any CPU
		{B7F4AFC8-F56C-42D0-A9B3-D8047F8413A7}.Release|Any CPU.ActiveCfg = Release|Any CPU
		{B7F4AFC8-F56C-42D0-A9B3-D8047F8413A7}.Release|Any CPU.Build.0 = Release|Any CPU
		{A1BA5300-27CE-4D13-9FC7-EE48108228A2}.Debug|Any CPU.ActiveCfg = Debug|Any CPU
		{A1BA5300-27CE-4D13-9FC7-EE48108228A2}.Debug|Any CPU.Build.0 = Debug|Any CPU
		{A1BA5300-27CE-4D13-9FC7-EE48108228A2}.Release|Any CPU.ActiveCfg = Release|Any CPU
		{A1BA5300-27CE-4D13-9FC7-EE48108228A2}.Release|Any CPU.Build.0 = Release|Any CPU
		{02A2DDE0-1E78-4B86-AA04-4E9A26BB4B07}.Debug|Any CPU.ActiveCfg = Debug|Any CPU
		{02A2DDE0-1E78-4B86-AA04-4E9A26BB4B07}.Debug|Any CPU.Build.0 = Debug|Any CPU
		{02A2DDE0-1E78-4B86-AA04-4E9A26BB4B07}.Release|Any CPU.ActiveCfg = Release|Any CPU
		{02A2DDE0-1E78-4B86-AA04-4E9A26BB4B07}.Release|Any CPU.Build.0 = Release|Any CPU
		{8C8C8D37-7073-410B-8B28-0F2810D581FA}.Debug|Any CPU.ActiveCfg = Debug|Any CPU
		{8C8C8D37-7073-410B-8B28-0F2810D581FA}.Debug|Any CPU.Build.0 = Debug|Any CPU
		{8C8C8D37-7073-410B-8B28-0F2810D581FA}.Release|Any CPU.ActiveCfg = Release|Any CPU
		{8C8C8D37-7073-410B-8B28-0F2810D581FA}.Release|Any CPU.Build.0 = Release|Any CPU
	EndGlobalSection
	GlobalSection(SolutionProperties) = preSolution
		HideSolutionNode = FALSE
	EndGlobalSection
	GlobalSection(NestedProjects) = preSolution
		{7BA44700-3485-44DA-9817-91B775A01036} = {4AE244E5-A5C7-4311-9027-0B2C4544DF6B}
		{125EF53C-4049-45A5-8320-D69B8D1E7775} = {7BA44700-3485-44DA-9817-91B775A01036}
		{0F93B9CA-6B02-42D5-BDC1-73F466465E3F} = {125EF53C-4049-45A5-8320-D69B8D1E7775}
		{E43808A5-52E5-4C41-87D3-829A1D0E8A6A} = {125EF53C-4049-45A5-8320-D69B8D1E7775}
		{BDA03B80-838C-4F00-A106-65F28FF5DF9A} = {7BA44700-3485-44DA-9817-91B775A01036}
		{175054FA-8346-40EF-980C-73BCEA5D3D56} = {125EF53C-4049-45A5-8320-D69B8D1E7775}
	EndGlobalSection
EndGlobal
